
Microsoft Visual Studio Solution File, Format Version 12.00
# Visual Studio Version 16
VisualStudioVersion = 16.0.32802.440
MinimumVisualStudioVersion = 10.0.40219.1
Project("{FAE04EC0-301F-11D3-BF4B-00C04F79EFBC}") = "md07_CadernoExercicios_03", "md07_CadernoExercicios_03.csproj", "{68BE4DDF-223A-4104-82C3-1AE5FC38AD70}"
EndProject
Global
	GlobalSection(SolutionConfigurationPlatforms) = preSolution
		Debug|Any CPU = Debug|Any CPU
		Release|Any CPU = Release|Any CPU
	EndGlobalSection
	GlobalSection(ProjectConfigurationPlatforms) = postSolution
		{68BE4DDF-223A-4104-82C3-1AE5FC38AD70}.Debug|Any CPU.ActiveCfg = Debug|Any CPU
		{68BE4DDF-223A-4104-82C3-1AE5FC38AD70}.Debug|Any CPU.Build.0 = Debug|Any CPU
		{68BE4DDF-223A-4104-82C3-1AE5FC38AD70}.Release|Any CPU.ActiveCfg = Release|Any CPU
		{68BE4DDF-223A-4104-82C3-1AE5FC38AD70}.Release|Any CPU.Build.0 = Release|Any CPU
	EndGlobalSection
	GlobalSection(SolutionProperties) = preSolution
		HideSolutionNode = FALSE
	EndGlobalSection
	GlobalSection(ExtensibilityGlobals) = postSolution
		SolutionGuid = {1FD4A523-0B7E-42A3-8608-A90575CBAC53}
	EndGlobalSection
EndGlobal
